// !$*UTF8*$!
{
	archiveVersion = 1;
	classes = {
	};
	objectVersion = 56;
	objects = {

/* Begin PBXBuildFile section */
		62CC874828F411B400F1888C /* AppDelegate.swift in Sources */ = {isa = PBXBuildFile; fileRef = 62CC874728F411B400F1888C /* AppDelegate.swift */; };
		62CC874A28F411B400F1888C /* SceneDelegate.swift in Sources */ = {isa = PBXBuildFile; fileRef = 62CC874928F411B400F1888C /* SceneDelegate.swift */; };
		62CC874C28F411B400F1888C /* ViewController.swift in Sources */ = {isa = PBXBuildFile; fileRef = 62CC874B28F411B400F1888C /* ViewController.swift */; };
		62CC874F28F411B400F1888C /* Main.storyboard in Resources */ = {isa = PBXBuildFile; fileRef = 62CC874D28F411B400F1888C /* Main.storyboard */; };
		62CC875128F411B500F1888C /* Assets.xcassets in Resources */ = {isa = PBXBuildFile; fileRef = 62CC875028F411B500F1888C /* Assets.xcassets */; };
		62CC875428F411B500F1888C /* LaunchScreen.storyboard in Resources */ = {isa = PBXBuildFile; fileRef = 62CC875228F411B500F1888C /* LaunchScreen.storyboard */; };
		62CC875C28F4129E00F1888C /* GoogleService-Info.plist in Resources */ = {isa = PBXBuildFile; fileRef = 62CC875B28F4129E00F1888C /* GoogleService-Info.plist */; };
		62CC875E28F42D0500F1888C /* FeedViewController.swift in Sources */ = {isa = PBXBuildFile; fileRef = 62CC875D28F42D0500F1888C /* FeedViewController.swift */; };
		62CC876028F42D1D00F1888C /* SettingsViewController.swift in Sources */ = {isa = PBXBuildFile; fileRef = 62CC875F28F42D1D00F1888C /* SettingsViewController.swift */; };
		62CC876228F42D5200F1888C /* ProfileViewController.swift in Sources */ = {isa = PBXBuildFile; fileRef = 62CC876128F42D5200F1888C /* ProfileViewController.swift */; };
		62CC876628F4400B00F1888C /* ProtoCellTableViewCell.swift in Sources */ = {isa = PBXBuildFile; fileRef = 62CC876528F4400B00F1888C /* ProtoCellTableViewCell.swift */; };
		AD650C0F507BB8A2A97BE9F7 /* Pods_instaCloneFirebaseApplication.framework in Frameworks */ = {isa = PBXBuildFile; fileRef = 1941FD885C12734334FC6B78 /* Pods_instaCloneFirebaseApplication.framework */; };
/* End PBXBuildFile section */

/* Begin PBXFileReference section */
		1941FD885C12734334FC6B78 /* Pods_instaCloneFirebaseApplication.framework */ = {isa = PBXFileReference; explicitFileType = wrapper.framework; includeInIndex = 0; path = Pods_instaCloneFirebaseApplication.framework; sourceTree = BUILT_PRODUCTS_DIR; };
		62CC874428F411B400F1888C /* instaCloneFirebaseApplication.app */ = {isa = PBXFileReference; explicitFileType = wrapper.application; includeInIndex = 0; path = instaCloneFirebaseApplication.app; sourceTree = BUILT_PRODUCTS_DIR; };
		62CC874728F411B400F1888C /* AppDelegate.swift */ = {isa = PBXFileReference; lastKnownFileType = sourcecode.swift; path = AppDelegate.swift; sourceTree = "<group>"; };
		62CC874928F411B400F1888C /* SceneDelegate.swift */ = {isa = PBXFileReference; lastKnownFileType = sourcecode.swift; path = SceneDelegate.swift; sourceTree = "<group>"; };
		62CC874B28F411B400F1888C /* ViewController.swift */ = {isa = PBXFileReference; lastKnownFileType = sourcecode.swift; path = ViewController.swift; sourceTree = "<group>"; };
		62CC874E28F411B400F1888C /* Base */ = {isa = PBXFileReference; lastKnownFileType = file.storyboard; name = Base; path = Base.lproj/Main.storyboard; sourceTree = "<group>"; };
		62CC875028F411B500F1888C /* Assets.xcassets */ = {isa = PBXFileReference; lastKnownFileType = folder.assetcatalog; path = Assets.xcassets; sourceTree = "<group>"; };
		62CC875328F411B500F1888C /* Base */ = {isa = PBXFileReference; lastKnownFileType = file.storyboard; name = Base; path = Base.lproj/LaunchScreen.storyboard; sourceTree = "<group>"; };
		62CC875528F411B500F1888C /* Info.plist */ = {isa = PBXFileReference; lastKnownFileType = text.plist.xml; path = Info.plist; sourceTree = "<group>"; };
		62CC875B28F4129E00F1888C /* GoogleService-Info.plist */ = {isa = PBXFileReference; lastKnownFileType = text.plist; path = "GoogleService-Info.plist"; sourceTree = SOURCE_ROOT; };
		62CC875D28F42D0500F1888C /* FeedViewController.swift */ = {isa = PBXFileReference; lastKnownFileType = sourcecode.swift; path = FeedViewController.swift; sourceTree = "<group>"; };
		62CC875F28F42D1D00F1888C /* SettingsViewController.swift */ = {isa = PBXFileReference; lastKnownFileType = sourcecode.swift; path = SettingsViewController.swift; sourceTree = "<group>"; };
		62CC876128F42D5200F1888C /* ProfileViewController.swift */ = {isa = PBXFileReference; lastKnownFileType = sourcecode.swift; path = ProfileViewController.swift; sourceTree = "<group>"; };
		62CC876528F4400B00F1888C /* ProtoCellTableViewCell.swift */ = {isa = PBXFileReference; lastKnownFileType = sourcecode.swift; path = ProtoCellTableViewCell.swift; sourceTree = "<group>"; };
		B83CBF19FD7276DE8F249D15 /* Pods-instaCloneFirebaseApplication.release.xcconfig */ = {isa = PBXFileReference; includeInIndex = 1; lastKnownFileType = text.xcconfig; name = "Pods-instaCloneFirebaseApplication.release.xcconfig"; path = "Target Support Files/Pods-instaCloneFirebaseApplication/Pods-instaCloneFirebaseApplication.release.xcconfig"; sourceTree = "<group>"; };
		F7721FFC738595D6D989E0E1 /* Pods-instaCloneFirebaseApplication.debug.xcconfig */ = {isa = PBXFileReference; includeInIndex = 1; lastKnownFileType = text.xcconfig; name = "Pods-instaCloneFirebaseApplication.debug.xcconfig"; path = "Target Support Files/Pods-instaCloneFirebaseApplication/Pods-instaCloneFirebaseApplication.debug.xcconfig"; sourceTree = "<group>"; };
/* End PBXFileReference section */

/* Begin PBXFrameworksBuildPhase section */
		62CC874128F411B400F1888C /* Frameworks */ = {
			isa = PBXFrameworksBuildPhase;
			buildActionMask = 2147483647;
			files = (
				AD650C0F507BB8A2A97BE9F7 /* Pods_instaCloneFirebaseApplication.framework in Frameworks */,
			);
			runOnlyForDeploymentPostprocessing = 0;
		};
/* End PBXFrameworksBuildPhase section */

/* Begin PBXGroup section */
		25308A2F7983F105127DC84C /* Frameworks */ = {
			isa = PBXGroup;
			children = (
				1941FD885C12734334FC6B78 /* Pods_instaCloneFirebaseApplication.framework */,
			);
			name = Frameworks;
			sourceTree = "<group>";
		};
		280A5005C81BF0ACF3026485 /* Pods */ = {
			isa = PBXGroup;
			children = (
				F7721FFC738595D6D989E0E1 /* Pods-instaCloneFirebaseApplication.debug.xcconfig */,
				B83CBF19FD7276DE8F249D15 /* Pods-instaCloneFirebaseApplication.release.xcconfig */,
			);
			path = Pods;
			sourceTree = "<group>";
		};
		62CC873B28F411B400F1888C = {
			isa = PBXGroup;
			children = (
				62CC874628F411B400F1888C /* instaCloneFirebaseApplication */,
				62CC874528F411B400F1888C /* Products */,
				280A5005C81BF0ACF3026485 /* Pods */,
				25308A2F7983F105127DC84C /* Frameworks */,
			);
			sourceTree = "<group>";
		};
		62CC874528F411B400F1888C /* Products */ = {
			isa = PBXGroup;
			children = (
				62CC874428F411B400F1888C /* instaCloneFirebaseApplication.app */,
			);
			name = Products;
			sourceTree = "<group>";
		};
		62CC874628F411B400F1888C /* instaCloneFirebaseApplication */ = {
			isa = PBXGroup;
			children = (
				62CC874728F411B400F1888C /* AppDelegate.swift */,
				62CC874928F411B400F1888C /* SceneDelegate.swift */,
				62CC874B28F411B400F1888C /* ViewController.swift */,
				62CC875D28F42D0500F1888C /* FeedViewController.swift */,
				62CC876528F4400B00F1888C /* ProtoCellTableViewCell.swift */,
				62CC876128F42D5200F1888C /* ProfileViewController.swift */,
				62CC875F28F42D1D00F1888C /* SettingsViewController.swift */,
				62CC874D28F411B400F1888C /* Main.storyboard */,
				62CC875028F411B500F1888C /* Assets.xcassets */,
				62CC875228F411B500F1888C /* LaunchScreen.storyboard */,
				62CC875B28F4129E00F1888C /* GoogleService-Info.plist */,
				62CC875528F411B500F1888C /* Info.plist */,
			);
			path = instaCloneFirebaseApplication;
			sourceTree = "<group>";
		};
/* End PBXGroup section */

/* Begin PBXNativeTarget section */
		62CC874328F411B400F1888C /* instaCloneFirebaseApplication */ = {
			isa = PBXNativeTarget;
			buildConfigurationList = 62CC875828F411B500F1888C /* Build configuration list for PBXNativeTarget "instaCloneFirebaseApplication" */;
			buildPhases = (
				F53F3C18083194885D187A24 /* [CP] Check Pods Manifest.lock */,
				62CC874028F411B400F1888C /* Sources */,
				62CC874128F411B400F1888C /* Frameworks */,
				62CC874228F411B400F1888C /* Resources */,
				CF0131B8E829BFFC2F7BC179 /* [CP] Embed Pods Frameworks */,
			);
			buildRules = (
			);
			dependencies = (
			);
			name = instaCloneFirebaseApplication;
			productName = instaCloneFirebaseApplication;
			productReference = 62CC874428F411B400F1888C /* instaCloneFirebaseApplication.app */;
			productType = "com.apple.product-type.application";
		};
/* End PBXNativeTarget section */

/* Begin PBXProject section */
		62CC873C28F411B400F1888C /* Project object */ = {
			isa = PBXProject;
			attributes = {
				BuildIndependentTargetsInParallel = 1;
				LastSwiftUpdateCheck = 1400;
				LastUpgradeCheck = 1400;
				TargetAttributes = {
					62CC874328F411B400F1888C = {
						CreatedOnToolsVersion = 14.0;
					};
				};
			};
			buildConfigurationList = 62CC873F28F411B400F1888C /* Build configuration list for PBXProject "instaCloneFirebaseApplication" */;
			compatibilityVersion = "Xcode 14.0";
			developmentRegion = en;
			hasScannedForEncodings = 0;
			knownRegions = (
				en,
				Base,
			);
			mainGroup = 62CC873B28F411B400F1888C;
			productRefGroup = 62CC874528F411B400F1888C /* Products */;
			projectDirPath = "";
			projectRoot = "";
			targets = (
				62CC874328F411B400F1888C /* instaCloneFirebaseApplication */,
			);
		};
/* End PBXProject section */

/* Begin PBXResourcesBuildPhase section */
		62CC874228F411B400F1888C /* Resources */ = {
			isa = PBXResourcesBuildPhase;
			buildActionMask = 2147483647;
			files = (
				62CC875428F411B500F1888C /* LaunchScreen.storyboard in Resources */,
				62CC875C28F4129E00F1888C /* GoogleService-Info.plist in Resources */,
				62CC875128F411B500F1888C /* Assets.xcassets in Resources */,
				62CC874F28F411B400F1888C /* Main.storyboard in Resources */,
			);
			runOnlyForDeploymentPostprocessing = 0;
		};
/* End PBXResourcesBuildPhase section */

/* Begin PBXShellScriptBuildPhase section */
		CF0131B8E829BFFC2F7BC179 /* [CP] Embed Pods Frameworks */ = {
			isa = PBXShellScriptBuildPhase;
			buildActionMask = 2147483647;
			files = (
			);
			inputFileListPaths = (
				"${PODS_ROOT}/Target Support Files/Pods-instaCloneFirebaseApplication/Pods-instaCloneFirebaseApplication-frameworks-${CONFIGURATION}-input-files.xcfilelist",
			);
			name = "[CP] Embed Pods Frameworks";
			outputFileListPaths = (
				"${PODS_ROOT}/Target Support Files/Pods-instaCloneFirebaseApplication/Pods-instaCloneFirebaseApplication-frameworks-${CONFIGURATION}-output-files.xcfilelist",
			);
			runOnlyForDeploymentPostprocessing = 0;
			shellPath = /bin/sh;
			shellScript = "\"${PODS_ROOT}/Target Support Files/Pods-instaCloneFirebaseApplication/Pods-instaCloneFirebaseApplication-frameworks.sh\"\n";
			showEnvVarsInLog = 0;
		};
		F53F3C18083194885D187A24 /* [CP] Check Pods Manifest.lock */ = {
			isa = PBXShellScriptBuildPhase;
			buildActionMask = 2147483647;
			files = (
			);
			inputFileListPaths = (
			);
			inputPaths = (
				"${PODS_PODFILE_DIR_PATH}/Podfile.lock",
				"${PODS_ROOT}/Manifest.lock",
			);
			name = "[CP] Check Pods Manifest.lock";
			outputFileListPaths = (
			);
			outputPaths = (
				"$(DERIVED_FILE_DIR)/Pods-instaCloneFirebaseApplication-checkManifestLockResult.txt",
			);
			runOnlyForDeploymentPostprocessing = 0;
			shellPath = /bin/sh;
			shellScript = "diff \"${PODS_PODFILE_DIR_PATH}/Podfile.lock\" \"${PODS_ROOT}/Manifest.lock\" > /dev/null\nif [ $? != 0 ] ; then\n    # print error to STDERR\n    echo \"error: The sandbox is not in sync with the Podfile.lock. Run 'pod install' or update your CocoaPods installation.\" >&2\n    exit 1\nfi\n# This output is used by Xcode 'outputs' to avoid re-running this script phase.\necho \"SUCCESS\" > \"${SCRIPT_OUTPUT_FILE_0}\"\n";
			showEnvVarsInLog = 0;
		};
/* End PBXShellScriptBuildPhase section */

/* Begin PBXSourcesBuildPhase section */
		62CC874028F411B400F1888C /* Sources */ = {
			isa = PBXSourcesBuildPhase;
			buildActionMask = 2147483647;
			files = (
				62CC876228F42D5200F1888C /* ProfileViewController.swift in Sources */,
				62CC874C28F411B400F1888C /* ViewController.swift in Sources */,
				62CC874828F411B400F1888C /* AppDelegate.swift in Sources */,
				62CC875E28F42D0500F1888C /* FeedViewController.swift in Sources */,
				62CC876028F42D1D00F1888C /* SettingsViewController.swift in Sources */,
				62CC876628F4400B00F1888C /* ProtoCellTableViewCell.swift in Sources */,
				62CC874A28F411B400F1888C /* SceneDelegate.swift in Sources */,
			);
			runOnlyForDeploymentPostprocessing = 0;
		};
/* End PBXSourcesBuildPhase section */

/* Begin PBXVariantGroup section */
		62CC874D28F411B400F1888C /* Main.storyboard */ = {
			isa = PBXVariantGroup;
			children = (
				62CC874E28F411B400F1888C /* Base */,
			);
			name = Main.storyboard;
			sourceTree = "<group>";
		};
		62CC875228F411B500F1888C /* LaunchScreen.storyboard */ = {
			isa = PBXVariantGroup;
			children = (
				62CC875328F411B500F1888C /* Base */,
			);
			name = LaunchScreen.storyboard;
			sourceTree = "<group>";
		};
/* End PBXVariantGroup section */

/* Begin XCBuildConfiguration section */
		62CC875628F411B500F1888C /* Debug */ = {
			isa = XCBuildConfiguration;
			buildSettings = {
				ALWAYS_SEARCH_USER_PATHS = NO;
				CLANG_ANALYZER_NONNULL = YES;
				CLANG_ANALYZER_NUMBER_OBJECT_CONVERSION = YES_AGGRESSIVE;
				CLANG_CXX_LANGUAGE_STANDARD = "gnu++20";
				CLANG_ENABLE_MODULES = YES;
				CLANG_ENABLE_OBJC_ARC = YES;
				CLANG_ENABLE_OBJC_WEAK = YES;
				CLANG_WARN_BLOCK_CAPTURE_AUTORELEASING = YES;
				CLANG_WARN_BOOL_CONVERSION = YES;
				CLANG_WARN_COMMA = YES;
				CLANG_WARN_CONSTANT_CONVERSION = YES;
				CLANG_WARN_DEPRECATED_OBJC_IMPLEMENTATIONS = YES;
				CLANG_WARN_DIRECT_OBJC_ISA_USAGE = YES_ERROR;
				CLANG_WARN_DOCUMENTATION_COMMENTS = YES;
				CLANG_WARN_EMPTY_BODY = YES;
				CLANG_WARN_ENUM_CONVERSION = YES;
				CLANG_WARN_INFINITE_RECURSION = YES;
				CLANG_WARN_INT_CONVERSION = YES;
				CLANG_WARN_NON_LITERAL_NULL_CONVERSION = YES;
				CLANG_WARN_OBJC_IMPLICIT_RETAIN_SELF = YES;
				CLANG_WARN_OBJC_LITERAL_CONVERSION = YES;
				CLANG_WARN_OBJC_ROOT_CLASS = YES_ERROR;
				CLANG_WARN_QUOTED_INCLUDE_IN_FRAMEWORK_HEADER = YES;
				CLANG_WARN_RANGE_LOOP_ANALYSIS = YES;
				CLANG_WARN_STRICT_PROTOTYPES = YES;
				CLANG_WARN_SUSPICIOUS_MOVE = YES;
				CLANG_WARN_UNGUARDED_AVAILABILITY = YES_AGGRESSIVE;
				CLANG_WARN_UNREACHABLE_CODE = YES;
				CLANG_WARN__DUPLICATE_METHOD_MATCH = YES;
				COPY_PHASE_STRIP = NO;
				DEBUG_INFORMATION_FORMAT = dwarf;
				ENABLE_STRICT_OBJC_MSGSEND = YES;
				ENABLE_TESTABILITY = YES;
				GCC_C_LANGUAGE_STANDARD = gnu11;
				GCC_DYNAMIC_NO_PIC = NO;
				GCC_NO_COMMON_BLOCKS = YES;
				GCC_OPTIMIZATION_LEVEL = 0;
				GCC_PREPROCESSOR_DEFINITIONS = (
					"DEBUG=1",
					"$(inherited)",
				);
				GCC_WARN_64_TO_32_BIT_CONVERSION = YES;
				GCC_WARN_ABOUT_RETURN_TYPE = YES_ERROR;
				GCC_WARN_UNDECLARED_SELECTOR = YES;
				GCC_WARN_UNINITIALIZED_AUTOS = YES_AGGRESSIVE;
				GCC_WARN_UNUSED_FUNCTION = YES;
				GCC_WARN_UNUSED_VARIABLE = YES;
				IPHONEOS_DEPLOYMENT_TARGET = 16.0;
				MTL_ENABLE_DEBUG_INFO = INCLUDE_SOURCE;
				MTL_FAST_MATH = YES;
				ONLY_ACTIVE_ARCH = YES;
				SDKROOT = iphoneos;
				SWIFT_ACTIVE_COMPILATION_CONDITIONS = DEBUG;
				SWIFT_OPTIMIZATION_LEVEL = "-Onone";
			};
			name = Debug;
		};
		62CC875728F411B500F1888C /* Release */ = {
			isa = XCBuildConfiguration;
			buildSettings = {
				ALWAYS_SEARCH_USER_PATHS = NO;
				CLANG_ANALYZER_NONNULL = YES;
				CLANG_ANALYZER_NUMBER_OBJECT_CONVERSION = YES_AGGRESSIVE;
				CLANG_CXX_LANGUAGE_STANDARD = "gnu++20";
				CLANG_ENABLE_MODULES = YES;
				CLANG_ENABLE_OBJC_ARC = YES;
				CLANG_ENABLE_OBJC_WEAK = YES;
				CLANG_WARN_BLOCK_CAPTURE_AUTORELEASING = YES;
				CLANG_WARN_BOOL_CONVERSION = YES;
				CLANG_WARN_COMMA = YES;
				CLANG_WARN_CONSTANT_CONVERSION = YES;
				CLANG_WARN_DEPRECATED_OBJC_IMPLEMENTATIONS = YES;
				CLANG_WARN_DIRECT_OBJC_ISA_USAGE = YES_ERROR;
				CLANG_WARN_DOCUMENTATION_COMMENTS = YES;
				CLANG_WARN_EMPTY_BODY = YES;
				CLANG_WARN_ENUM_CONVERSION = YES;
				CLANG_WARN_INFINITE_RECURSION = YES;
				CLANG_WARN_INT_CONVERSION = YES;
				CLANG_WARN_NON_LITERAL_NULL_CONVERSION = YES;
				CLANG_WARN_OBJC_IMPLICIT_RETAIN_SELF = YES;
				CLANG_WARN_OBJC_LITERAL_CONVERSION = YES;
				CLANG_WARN_OBJC_ROOT_CLASS = YES_ERROR;
				CLANG_WARN_QUOTED_INCLUDE_IN_FRAMEWORK_HEADER = YES;
				CLANG_WARN_RANGE_LOOP_ANALYSIS = YES;
				CLANG_WARN_STRICT_PROTOTYPES = YES;
				CLANG_WARN_SUSPICIOUS_MOVE = YES;
				CLANG_WARN_UNGUARDED_AVAILABILITY = YES_AGGRESSIVE;
				CLANG_WARN_UNREACHABLE_CODE = YES;
				CLANG_WARN__DUPLICATE_METHOD_MATCH = YES;
				COPY_PHASE_STRIP = NO;
				DEBUG_INFORMATION_FORMAT = "dwarf-with-dsym";
				ENABLE_NS_ASSERTIONS = NO;
				ENABLE_STRICT_OBJC_MSGSEND = YES;
				GCC_C_LANGUAGE_STANDARD = gnu11;
				GCC_NO_COMMON_BLOCKS = YES;
				GCC_WARN_64_TO_32_BIT_CONVERSION = YES;
				GCC_WARN_ABOUT_RETURN_TYPE = YES_ERROR;
				GCC_WARN_UNDECLARED_SELECTOR = YES;
				GCC_WARN_UNINITIALIZED_AUTOS = YES_AGGRESSIVE;
				GCC_WARN_UNUSED_FUNCTION = YES;
				GCC_WARN_UNUSED_VARIABLE = YES;
				IPHONEOS_DEPLOYMENT_TARGET = 16.0;
				MTL_ENABLE_DEBUG_INFO = NO;
				MTL_FAST_MATH = YES;
				SDKROOT = iphoneos;
				SWIFT_COMPILATION_MODE = wholemodule;
				SWIFT_OPTIMIZATION_LEVEL = "-O";
				VALIDATE_PRODUCT = YES;
			};
			name = Release;
		};
		62CC875928F411B500F1888C /* Debug */ = {
			isa = XCBuildConfiguration;
			baseConfigurationReference = F7721FFC738595D6D989E0E1 /* Pods-instaCloneFirebaseApplication.debug.xcconfig */;
			buildSettings = {
				ASSETCATALOG_COMPILER_APPICON_NAME = AppIcon;
				ASSETCATALOG_COMPILER_GLOBAL_ACCENT_COLOR_NAME = AccentColor;
				CODE_SIGN_STYLE = Automatic;
				CURRENT_PROJECT_VERSION = 1;
				DEVELOPMENT_TEAM = 977V4TY2Q6;
				GENERATE_INFOPLIST_FILE = YES;
				INFOPLIST_FILE = instaCloneFirebaseApplication/Info.plist;
				INFOPLIST_KEY_UIApplicationSupportsIndirectInputEvents = YES;
				INFOPLIST_KEY_UILaunchStoryboardName = LaunchScreen;
				INFOPLIST_KEY_UIMainStoryboardFile = Main;
				INFOPLIST_KEY_UISupportedInterfaceOrientations_iPad = "UIInterfaceOrientationPortrait UIInterfaceOrientationPortraitUpsideDown UIInterfaceOrientationLandscapeLeft UIInterfaceOrientationLandscapeRight";
				INFOPLIST_KEY_UISupportedInterfaceOrientations_iPhone = "UIInterfaceOrientationPortrait UIInterfaceOrientationLandscapeLeft UIInterfaceOrientationLandscapeRight";
				LD_RUNPATH_SEARCH_PATHS = (
					"$(inherited)",
					"@executable_path/Frameworks",
				);
				MARKETING_VERSION = 1.0;
				PRODUCT_BUNDLE_IDENTIFIER = com.berkaycati.instaCloneFirebaseApplication;
				PRODUCT_NAME = "$(TARGET_NAME)";
				SWIFT_EMIT_LOC_STRINGS = YES;
				SWIFT_VERSION = 5.0;
				TARGETED_DEVICE_FAMILY = "1,2";
			};
			name = Debug;
		};
		62CC875A28F411B500F1888C /* Release */ = {
			isa = XCBuildConfiguration;
			baseConfigurationReference = B83CBF19FD7276DE8F249D15 /* Pods-instaCloneFirebaseApplication.release.xcconfig */;
			buildSettings = {
				ASSETCATALOG_COMPILER_APPICON_NAME = AppIcon;
				ASSETCATALOG_COMPILER_GLOBAL_ACCENT_COLOR_NAME = AccentColor;
				CODE_SIGN_STYLE = Automatic;
				CURRENT_PROJECT_VERSION = 1;
				DEVELOPMENT_TEAM = 977V4TY2Q6;
				GENERATE_INFOPLIST_FILE = YES;
				INFOPLIST_FILE = instaCloneFirebaseApplication/Info.plist;
				INFOPLIST_KEY_UIApplicationSupportsIndirectInputEvents = YES;
				INFOPLIST_KEY_UILaunchStoryboardName = LaunchScreen;
				INFOPLIST_KEY_UIMainStoryboardFile = Main;
				INFOPLIST_KEY_UISupportedInterfaceOrientations_iPad = "UIInterfaceOrientationPortrait UIInterfaceOrientationPortraitUpsideDown UIInterfaceOrientationLandscapeLeft UIInterfaceOrientationLandscapeRight";
				INFOPLIST_KEY_UISupportedInterfaceOrientations_iPhone = "UIInterfaceOrientationPortrait UIInterfaceOrientationLandscapeLeft UIInterfaceOrientationLandscapeRight";
				LD_RUNPATH_SEARCH_PATHS = (
					"$(inherited)",
					"@executable_path/Frameworks",
				);
				MARKETING_VERSION = 1.0;
				PRODUCT_BUNDLE_IDENTIFIER = com.berkaycati.instaCloneFirebaseApplication;
				PRODUCT_NAME = "$(TARGET_NAME)";
				SWIFT_EMIT_LOC_STRINGS = YES;
				SWIFT_VERSION = 5.0;
				TARGETED_DEVICE_FAMILY = "1,2";
			};
			name = Release;
		};
/* End XCBuildConfiguration section */

/* Begin XCConfigurationList section */
		62CC873F28F411B400F1888C /* Build configuration list for PBXProject "instaCloneFirebaseApplication" */ = {
			isa = XCConfigurationList;
			buildConfigurations = (
				62CC875628F411B500F1888C /* Debug */,
				62CC875728F411B500F1888C /* Release */,
			);
			defaultConfigurationIsVisible = 0;
			defaultConfigurationName = Release;
		};
		62CC875828F411B500F1888C /* Build configuration list for PBXNativeTarget "instaCloneFirebaseApplication" */ = {
			isa = XCConfigurationList;
			buildConfigurations = (
				62CC875928F411B500F1888C /* Debug */,
				62CC875A28F411B500F1888C /* Release */,
			);
			defaultConfigurationIsVisible = 0;
			defaultConfigurationName = Release;
		};
/* End XCConfigurationList section */
	};
	rootObject = 62CC873C28F411B400F1888C /* Project object */;
}
